
Microsoft Visual Studio Solution File, Format Version 12.00
# Visual Studio Version 17
VisualStudioVersion = 17.0.31903.59
MinimumVisualStudioVersion = 10.0.40219.1
Project("{9A19103F-16F7-4668-BE54-9A1E7A4F7556}") = "Advent Of Code 2019 CS", "2019\CSharp\Advent Of Code 2019 CS.csproj", "{2615A03A-C297-4768-9C14-F8DAAD772AF4}"
EndProject
Project("{9A19103F-16F7-4668-BE54-9A1E7A4F7556}") = "CSharp.Common", "CSharp.Common\CSharp.Common.csproj", "{C4285648-4238-4BE8-A482-281C5A9AD400}"
EndProject
Project("{9A19103F-16F7-4668-BE54-9A1E7A4F7556}") = "CSharp.Common.Tests", "CSharp.Common.Tests\CSharp.Common.Tests.csproj", "{F030060E-05A5-4F11-A38C-F1FC6AF7E1BF}"
EndProject
Global
	GlobalSection(SolutionConfigurationPlatforms) = preSolution
		Debug|Any CPU = Debug|Any CPU
		Release|Any CPU = Release|Any CPU
	EndGlobalSection
	GlobalSection(ProjectConfigurationPlatforms) = postSolution
		{2615A03A-C297-4768-9C14-F8DAAD772AF4}.Debug|Any CPU.ActiveCfg = Debug|Any CPU
		{2615A03A-C297-4768-9C14-F8DAAD772AF4}.Debug|Any CPU.Build.0 = Debug|Any CPU
		{2615A03A-C297-4768-9C14-F8DAAD772AF4}.Release|Any CPU.ActiveCfg = Release|Any CPU
		{2615A03A-C297-4768-9C14-F8DAAD772AF4}.Release|Any CPU.Build.0 = Release|Any CPU
		{C4285648-4238-4BE8-A482-281C5A9AD400}.Debug|Any CPU.ActiveCfg = Debug|Any CPU
		{C4285648-4238-4BE8-A482-281C5A9AD400}.Debug|Any CPU.Build.0 = Debug|Any CPU
		{C4285648-4238-4BE8-A482-281C5A9AD400}.Release|Any CPU.ActiveCfg = Release|Any CPU
		{C4285648-4238-4BE8-A482-281C5A9AD400}.Release|Any CPU.Build.0 = Release|Any CPU
		{F030060E-05A5-4F11-A38C-F1FC6AF7E1BF}.Debug|Any CPU.ActiveCfg = Debug|Any CPU
		{F030060E-05A5-4F11-A38C-F1FC6AF7E1BF}.Debug|Any CPU.Build.0 = Debug|Any CPU
		{F030060E-05A5-4F11-A38C-F1FC6AF7E1BF}.Release|Any CPU.ActiveCfg = Release|Any CPU
		{F030060E-05A5-4F11-A38C-F1FC6AF7E1BF}.Release|Any CPU.Build.0 = Release|Any CPU
	EndGlobalSection
	GlobalSection(SolutionProperties) = preSolution
		HideSolutionNode = FALSE
	EndGlobalSection
	GlobalSection(ExtensibilityGlobals) = postSolution
		SolutionGuid = {C93A8C33-5876-46EB-827E-5E41D3FD5019}
	EndGlobalSection
EndGlobal
