
Microsoft Visual Studio Solution File, Format Version 12.00
# Visual Studio Version 17
VisualStudioVersion = 17.0.31903.59
MinimumVisualStudioVersion = 10.0.40219.1
Project("{9A19103F-16F7-4668-BE54-9A1E7A4F7556}") = "CSharp.Common", "CSharp.Common\CSharp.Common.csproj", "{21B5D12E-5B7F-4A10-B57E-D0BEFCD38625}"
EndProject
Project("{9A19103F-16F7-4668-BE54-9A1E7A4F7556}") = "CSharp.Common.Tests", "CSharp.Common.Tests\CSharp.Common.Tests.csproj", "{56651041-1DD3-48D8-B83B-95CFFA5FD28C}"
EndProject
Global
	GlobalSection(SolutionConfigurationPlatforms) = preSolution
		Debug|Any CPU = Debug|Any CPU
		Release|Any CPU = Release|Any CPU
	EndGlobalSection
	GlobalSection(ProjectConfigurationPlatforms) = postSolution
		{21B5D12E-5B7F-4A10-B57E-D0BEFCD38625}.Debug|Any CPU.ActiveCfg = Debug|Any CPU
		{21B5D12E-5B7F-4A10-B57E-D0BEFCD38625}.Debug|Any CPU.Build.0 = Debug|Any CPU
		{21B5D12E-5B7F-4A10-B57E-D0BEFCD38625}.Release|Any CPU.ActiveCfg = Release|Any CPU
		{21B5D12E-5B7F-4A10-B57E-D0BEFCD38625}.Release|Any CPU.Build.0 = Release|Any CPU
		{56651041-1DD3-48D8-B83B-95CFFA5FD28C}.Debug|Any CPU.ActiveCfg = Debug|Any CPU
		{56651041-1DD3-48D8-B83B-95CFFA5FD28C}.Debug|Any CPU.Build.0 = Debug|Any CPU
		{56651041-1DD3-48D8-B83B-95CFFA5FD28C}.Release|Any CPU.ActiveCfg = Release|Any CPU
		{56651041-1DD3-48D8-B83B-95CFFA5FD28C}.Release|Any CPU.Build.0 = Release|Any CPU
	EndGlobalSection
	GlobalSection(SolutionProperties) = preSolution
		HideSolutionNode = FALSE
	EndGlobalSection
	GlobalSection(ExtensibilityGlobals) = postSolution
		SolutionGuid = {77D7BDD9-EF2B-4D42-998E-1063D88B38AD}
	EndGlobalSection
EndGlobal
